
Microsoft Visual Studio Solution File, Format Version 12.00
# Visual Studio 2013
VisualStudioVersion = 12.0.31101.0
MinimumVisualStudioVersion = 10.0.40219.1
Project("{FAE04EC0-301F-11D3-BF4B-00C04F79EFBC}") = "TMock", "TMock\TMock.csproj", "{DD38C40D-E0DB-4222-A99B-926377BDF5C4}"
EndProject
Project("{FAE04EC0-301F-11D3-BF4B-00C04F79EFBC}") = "TMockTests", "TMockTests\TMockTests.csproj", "{C6DA591F-8853-4030-A978-B69EBAB5D1CD}"
EndProject
Global
	GlobalSection(SolutionConfigurationPlatforms) = preSolution
		Debug|Any CPU = Debug|Any CPU
		Release|Any CPU = Release|Any CPU
	EndGlobalSection
	GlobalSection(ProjectConfigurationPlatforms) = postSolution
		{DD38C40D-E0DB-4222-A99B-926377BDF5C4}.Debug|Any CPU.ActiveCfg = Debug|Any CPU
		{DD38C40D-E0DB-4222-A99B-926377BDF5C4}.Debug|Any CPU.Build.0 = Debug|Any CPU
		{DD38C40D-E0DB-4222-A99B-926377BDF5C4}.Release|Any CPU.ActiveCfg = Release|Any CPU
		{DD38C40D-E0DB-4222-A99B-926377BDF5C4}.Release|Any CPU.Build.0 = Release|Any CPU
		{C6DA591F-8853-4030-A978-B69EBAB5D1CD}.Debug|Any CPU.ActiveCfg = Debug|Any CPU
		{C6DA591F-8853-4030-A978-B69EBAB5D1CD}.Debug|Any CPU.Build.0 = Debug|Any CPU
		{C6DA591F-8853-4030-A978-B69EBAB5D1CD}.Release|Any CPU.ActiveCfg = Release|Any CPU
		{C6DA591F-8853-4030-A978-B69EBAB5D1CD}.Release|Any CPU.Build.0 = Release|Any CPU
	EndGlobalSection
	GlobalSection(SolutionProperties) = preSolution
		HideSolutionNode = FALSE
	EndGlobalSection
EndGlobal
